{
  "version": 4,
  "terraform_version": "1.10.5",
  "serial": 1,
  "lineage": "bf80aece-b653-f126-8c41-ce620e9c3bb5",
  "outputs": {},
  "resources": [
    {
      "mode": "managed",
      "type": "docker_image",
      "name": "ubuntu",
      "provider": "provider[\"registry.terraform.io/kreuzwerker/docker\"]",
      "instances": [
        {
          "schema_version": 0,
          "attributes": {
            "build": [],
            "force_remove": null,
            "id": "sha256:b1d9df8ab81559494794e522b380878cf9ba82d4c1fb67293bcf931c3aa69ae4ubuntu:latest",
            "image_id": "sha256:b1d9df8ab81559494794e522b380878cf9ba82d4c1fb67293bcf931c3aa69ae4",
            "keep_locally": null,
            "name": "ubuntu:latest",
            "platform": null,
            "pull_triggers": null,
            "repo_digest": "ubuntu@sha256:80dd3c3b9c6cecb9f1667e9290b3bc61b78c2678c02cbdae5f0fea92cc6734ab",
            "triggers": null
          },
          "sensitive_attributes": [],
          "private": "bnVsbA=="
        }
      ]
    }
  ],
  "check_results": null
}
